// !$*UTF8*$!
{
	archiveVersion = 1;
	classes = {
	};
	objectVersion = 56;
	objects = {

/* Begin PBXBuildFile section */
		BLD_13E3436B3D0643A380F2454F /* App/ContentView.swift in Sources */ = {isa = PBXBuildFile; fileRef = REF_246AF262EF044263BA96C485 /* App/ContentView.swift */; };
		BLD_7346587DE2214AE9971E3D21 /* App/TimeShadowApp.swift in Sources */ = {isa = PBXBuildFile; fileRef = REF_ED721D9AD9E64104984E73FB /* App/TimeShadowApp.swift */; };
		BLD_4004D8E02ACE4C4D9B8B78EA /* Models/ProUnlockManager.swift in Sources */ = {isa = PBXBuildFile; fileRef = REF_825673816DBB490D9D6CE1C8 /* Models/ProUnlockManager.swift */; };
		BLD_2F8CDC20922B4277AB4D105D /* Models/ShadowTheme.swift in Sources */ = {isa = PBXBuildFile; fileRef = REF_3CAE89482D234BE3B6270512 /* Models/ShadowTheme.swift */; };
		BLD_AAF098877DD64BFEBB2AE934 /* Models/TimerPreset.swift in Sources */ = {isa = PBXBuildFile; fileRef = REF_F4961A5457204629862AB7A2 /* Models/TimerPreset.swift */; };
		BLD_59084959D54040809F60FC53 /* Models/TimerSession.swift in Sources */ = {isa = PBXBuildFile; fileRef = REF_A393510C94E141ACBDB99C32 /* Models/TimerSession.swift */; };
		BLD_9293D46DB5894597A4AD0405 /* Services/AnalyticsService.swift in Sources */ = {isa = PBXBuildFile; fileRef = REF_C8BA217A308E4BA99DE2DB44 /* Services/AnalyticsService.swift */; };
		BLD_B613D6AAA4124DF18A53C101 /* Services/HapticService.swift in Sources */ = {isa = PBXBuildFile; fileRef = REF_9EC99E736C004197B588F577 /* Services/HapticService.swift */; };
		BLD_0DA60F0E1781461E8EBA55F0 /* Services/LiveActivityManager.swift in Sources */ = {isa = PBXBuildFile; fileRef = REF_17D7B524EC0749829A18E452 /* Services/LiveActivityManager.swift */; };
		BLD_BB8B5989300E46A1904B0E30 /* Services/ShadowRenderer.swift in Sources */ = {isa = PBXBuildFile; fileRef = REF_4DBD2296F7144525B2E2EAD9 /* Services/ShadowRenderer.swift */; };
		BLD_129F7BB98CDA4790811189D5 /* Services/StoreKitManager.swift in Sources */ = {isa = PBXBuildFile; fileRef = REF_32CFEA11BD0844F18250839B /* Services/StoreKitManager.swift */; };
		BLD_1E12F730BCC74D63AD6C012B /* Services/TimerEngine.swift in Sources */ = {isa = PBXBuildFile; fileRef = REF_9B76C70ECADE4F569CFDE772 /* Services/TimerEngine.swift */; };
		BLD_E4E8D7F79E90495BBA52BAA7 /* Services/WidgetDataProvider.swift in Sources */ = {isa = PBXBuildFile; fileRef = REF_FB2535E3F9B94CDCA0D1BAD6 /* Services/WidgetDataProvider.swift */; };
		BLD_5C3D96B96E094896927BF07C /* Views/ActiveTimerView.swift in Sources */ = {isa = PBXBuildFile; fileRef = REF_B5217B7F1E1643249F22B961 /* Views/ActiveTimerView.swift */; };
		BLD_150A0AF3DD754CE08C1453C8 /* Views/CompletionView.swift in Sources */ = {isa = PBXBuildFile; fileRef = REF_21091EFBA2A241F5A415806C /* Views/CompletionView.swift */; };
		BLD_445A7946A3B44FCD9505FA1C /* Views/PresetPickerView.swift in Sources */ = {isa = PBXBuildFile; fileRef = REF_056C532F1429490C8E670C7B /* Views/PresetPickerView.swift */; };
		BLD_0A7109AB551941C787401B8E /* Views/ProUpgradeView.swift in Sources */ = {isa = PBXBuildFile; fileRef = REF_85B982DDA0F543128AF704C4 /* Views/ProUpgradeView.swift */; };
		BLD_43D3E76335A440B484F28781 /* Views/SettingsView.swift in Sources */ = {isa = PBXBuildFile; fileRef = REF_40E22031D2D94FA0B88CC50C /* Views/SettingsView.swift */; };
		BLD_0F31924716B04B98AFCE0F0A /* Views/StatsView.swift in Sources */ = {isa = PBXBuildFile; fileRef = REF_EE675EABB1D344C3A27D3667 /* Views/StatsView.swift */; };
		BLD_C5F1849005FA4F3690CC5CD4 /* Views/ThemePickerView.swift in Sources */ = {isa = PBXBuildFile; fileRef = REF_CB3290D9B17B435C91A28EF8 /* Views/ThemePickerView.swift */; };
		BLD_41A184E6F4074212BB720301 /* Views/TimerSetupView.swift in Sources */ = {isa = PBXBuildFile; fileRef = REF_8DB73EB45010471EA9DCADED /* Views/TimerSetupView.swift */; };
		BLD_5B6A958EE90F4E889246FDFD /* Widgets/TimerWidget.swift in Sources */ = {isa = PBXBuildFile; fileRef = REF_E1767BCB59CA4C299E7F9B60 /* Widgets/TimerWidget.swift */; };
		BLD_70130E0856A94F679CE8A6F9 /* Widgets/WidgetBundle.swift in Sources */ = {isa = PBXBuildFile; fileRef = REF_79B79D1F1B5E4FF09B61460A /* Widgets/WidgetBundle.swift */; };
/* End PBXBuildFile section */

/* Begin PBXFileReference section */
		REF_C49C4C310EC8492F8E187DDA /* .gitignore */ = {isa = PBXFileReference;; lastKnownFileType = text; path = ".gitignore"; sourceTree = "<group>"; };
		REF_56306697ED0944A5B44BB1A9 /* AGENTS.md */ = {isa = PBXFileReference;; lastKnownFileType = text; path = "AGENTS.md"; sourceTree = "<group>"; };
		REF_246AF262EF044263BA96C485 /* ContentView.swift */ = {isa = PBXFileReference;; explicitFileType = sourcecode.swift; fileEncoding = 4; };
		REF_ED721D9AD9E64104984E73FB /* TimeShadowApp.swift */ = {isa = PBXFileReference;; explicitFileType = sourcecode.swift; fileEncoding = 4; };
		REF_825673816DBB490D9D6CE1C8 /* ProUnlockManager.swift */ = {isa = PBXFileReference;; explicitFileType = sourcecode.swift; fileEncoding = 4; };
		REF_3CAE89482D234BE3B6270512 /* ShadowTheme.swift */ = {isa = PBXFileReference;; explicitFileType = sourcecode.swift; fileEncoding = 4; };
		REF_F4961A5457204629862AB7A2 /* TimerPreset.swift */ = {isa = PBXFileReference;; explicitFileType = sourcecode.swift; fileEncoding = 4; };
		REF_A393510C94E141ACBDB99C32 /* TimerSession.swift */ = {isa = PBXFileReference;; explicitFileType = sourcecode.swift; fileEncoding = 4; };
		REF_C8BA217A308E4BA99DE2DB44 /* AnalyticsService.swift */ = {isa = PBXFileReference;; explicitFileType = sourcecode.swift; fileEncoding = 4; };
		REF_9EC99E736C004197B588F577 /* HapticService.swift */ = {isa = PBXFileReference;; explicitFileType = sourcecode.swift; fileEncoding = 4; };
		REF_17D7B524EC0749829A18E452 /* LiveActivityManager.swift */ = {isa = PBXFileReference;; explicitFileType = sourcecode.swift; fileEncoding = 4; };
		REF_4DBD2296F7144525B2E2EAD9 /* ShadowRenderer.swift */ = {isa = PBXFileReference;; explicitFileType = sourcecode.swift; fileEncoding = 4; };
		REF_32CFEA11BD0844F18250839B /* StoreKitManager.swift */ = {isa = PBXFileReference;; explicitFileType = sourcecode.swift; fileEncoding = 4; };
		REF_9B76C70ECADE4F569CFDE772 /* TimerEngine.swift */ = {isa = PBXFileReference;; explicitFileType = sourcecode.swift; fileEncoding = 4; };
		REF_FB2535E3F9B94CDCA0D1BAD6 /* WidgetDataProvider.swift */ = {isa = PBXFileReference;; explicitFileType = sourcecode.swift; fileEncoding = 4; };
		REF_B5217B7F1E1643249F22B961 /* ActiveTimerView.swift */ = {isa = PBXFileReference;; explicitFileType = sourcecode.swift; fileEncoding = 4; };
		REF_21091EFBA2A241F5A415806C /* CompletionView.swift */ = {isa = PBXFileReference;; explicitFileType = sourcecode.swift; fileEncoding = 4; };
		REF_056C532F1429490C8E670C7B /* PresetPickerView.swift */ = {isa = PBXFileReference;; explicitFileType = sourcecode.swift; fileEncoding = 4; };
		REF_85B982DDA0F543128AF704C4 /* ProUpgradeView.swift */ = {isa = PBXFileReference;; explicitFileType = sourcecode.swift; fileEncoding = 4; };
		REF_40E22031D2D94FA0B88CC50C /* SettingsView.swift */ = {isa = PBXFileReference;; explicitFileType = sourcecode.swift; fileEncoding = 4; };
		REF_EE675EABB1D344C3A27D3667 /* StatsView.swift */ = {isa = PBXFileReference;; explicitFileType = sourcecode.swift; fileEncoding = 4; };
		REF_CB3290D9B17B435C91A28EF8 /* ThemePickerView.swift */ = {isa = PBXFileReference;; explicitFileType = sourcecode.swift; fileEncoding = 4; };
		REF_8DB73EB45010471EA9DCADED /* TimerSetupView.swift */ = {isa = PBXFileReference;; explicitFileType = sourcecode.swift; fileEncoding = 4; };
		REF_E1767BCB59CA4C299E7F9B60 /* TimerWidget.swift */ = {isa = PBXFileReference;; explicitFileType = sourcecode.swift; fileEncoding = 4; };
		REF_79B79D1F1B5E4FF09B61460A /* WidgetBundle.swift */ = {isa = PBXFileReference;; explicitFileType = sourcecode.swift; fileEncoding = 4; };
		PROD_REF_1F34870D959A4C6890B3A42F /* TimeShadow.app */ = {isa = PBXFileReference; explicitFileType = wrapper.application; includeInIndex = 0; path = "TimeShadow.app"; sourceTree = BUILT_PRODUCTS_DIR; };
/* End PBXFileReference section */

/* Begin PBXGroup section */
		GROUP_MAIN_A47CB2B73D10443EAFAA067C = {
			isa = PBXGroup;
			children = (
				GROUP_C0942BBADEF3450F8B5BC051 /* App */,
				GROUP_B6A3C43E309D41BDBA55E74C /* Services */,
				GROUP_9DCF1A25602C471C9B8923A6 /* Widgets */,
				GROUP_82233D922389403E8A34BC72 /* Models */,
				GROUP_D5180C60B55E4375928B5B41 /* Views */,
				GROUP_PROD_AEBD0831D1C74EEB86B2B5FB /* Products */,
			);
			sourceTree = "<group>";
		};
		GROUP_PROD_AEBD0831D1C74EEB86B2B5FB = {
			isa = PBXGroup;
			children = (
				PROD_REF_1F34870D959A4C6890B3A42F /* TimeShadow.app */,
			);
			name = Products;
			sourceTree = "<group>";
		};
		GROUP_C0942BBADEF3450F8B5BC051 = {
			isa = PBXGroup;
			children = (
				REF_246AF262EF044263BA96C485 /* ContentView.swift */,
				REF_ED721D9AD9E64104984E73FB /* TimeShadowApp.swift */,
			);
			path = "App";
			sourceTree = "<group>";
		};
		GROUP_B6A3C43E309D41BDBA55E74C = {
			isa = PBXGroup;
			children = (
				REF_C8BA217A308E4BA99DE2DB44 /* AnalyticsService.swift */,
				REF_9EC99E736C004197B588F577 /* HapticService.swift */,
				REF_17D7B524EC0749829A18E452 /* LiveActivityManager.swift */,
				REF_4DBD2296F7144525B2E2EAD9 /* ShadowRenderer.swift */,
				REF_32CFEA11BD0844F18250839B /* StoreKitManager.swift */,
				REF_9B76C70ECADE4F569CFDE772 /* TimerEngine.swift */,
				REF_FB2535E3F9B94CDCA0D1BAD6 /* WidgetDataProvider.swift */,
			);
			path = "Services";
			sourceTree = "<group>";
		};
		GROUP_9DCF1A25602C471C9B8923A6 = {
			isa = PBXGroup;
			children = (
				REF_E1767BCB59CA4C299E7F9B60 /* TimerWidget.swift */,
				REF_79B79D1F1B5E4FF09B61460A /* WidgetBundle.swift */,
			);
			path = "Widgets";
			sourceTree = "<group>";
		};
		GROUP_82233D922389403E8A34BC72 = {
			isa = PBXGroup;
			children = (
				REF_825673816DBB490D9D6CE1C8 /* ProUnlockManager.swift */,
				REF_3CAE89482D234BE3B6270512 /* ShadowTheme.swift */,
				REF_F4961A5457204629862AB7A2 /* TimerPreset.swift */,
				REF_A393510C94E141ACBDB99C32 /* TimerSession.swift */,
			);
			path = "Models";
			sourceTree = "<group>";
		};
		GROUP_D5180C60B55E4375928B5B41 = {
			isa = PBXGroup;
			children = (
				REF_B5217B7F1E1643249F22B961 /* ActiveTimerView.swift */,
				REF_21091EFBA2A241F5A415806C /* CompletionView.swift */,
				REF_056C532F1429490C8E670C7B /* PresetPickerView.swift */,
				REF_85B982DDA0F543128AF704C4 /* ProUpgradeView.swift */,
				REF_40E22031D2D94FA0B88CC50C /* SettingsView.swift */,
				REF_EE675EABB1D344C3A27D3667 /* StatsView.swift */,
				REF_CB3290D9B17B435C91A28EF8 /* ThemePickerView.swift */,
				REF_8DB73EB45010471EA9DCADED /* TimerSetupView.swift */,
			);
			path = "Views";
			sourceTree = "<group>";
		};
/* End PBXGroup section */

/* Begin PBXNativeTarget section */
		NATIVE_TGT_30384DE66CA5438CA379FA6A = {
			isa = PBXNativeTarget;
			buildConfigurationList = TGT_CFGL_CDE24B8334014E88B14F3D8B /* Build configuration list for PBXNativeTarget "TimeShadow" */;
			buildPhases = (
				SRC_PHASE_283C38B5223B4BBFA39B69FE,
				FW_PHASE_D9DA5B226E5045559A98113E,
				RES_PHASE_9DED39C5861A4856949EF343,
			);
			buildRules = ();
			dependencies = ();
			name = "TimeShadow";
			productName = "TimeShadow";
			productReference = PROD_REF_1F34870D959A4C6890B3A42F;
			productType = "com.apple.product-type.application";
		};
/* End PBXNativeTarget section */

/* Begin PBXProject section */
		PROJECT_335CC233FA4342E29226DB42 = {
			isa = PBXProject;
			buildConfigurationList = PROJ_CFGL_DC48213F21D742F593813DA9 /* Build configuration list for PBXProject "TimeShadow" */;
			compatibilityVersion = "Xcode 14.0";
			developmentRegion = "en";
			hasScannedForEncodings = 0;
			knownRegions = ("en", "Base", );
			mainGroup = GROUP_MAIN_A47CB2B73D10443EAFAA067C;
			productRefGroup = GROUP_PROD_AEBD0831D1C74EEB86B2B5FB;
			projectDirPath = "";
			projectRoot = "";
			targets = (
				NATIVE_TGT_30384DE66CA5438CA379FA6A,
			);
		};
/* End PBXProject section */

/* Begin PBXResourcesBuildPhase section */
		RES_PHASE_9DED39C5861A4856949EF343 = {
			isa = PBXResourcesBuildPhase;
			buildActionMask = 2147483647;
			files = (
			);
			runOnlyForDeploymentPostprocessing = 0;
		};
/* End PBXResourcesBuildPhase section */

/* Begin PBXSourcesBuildPhase section */
		SRC_PHASE_283C38B5223B4BBFA39B69FE = {
			isa = PBXSourcesBuildPhase;
			buildActionMask = 2147483647;
			files = (
				BLD_13E3436B3D0643A380F2454F /* App/ContentView.swift in Sources */,
				BLD_7346587DE2214AE9971E3D21 /* App/TimeShadowApp.swift in Sources */,
				BLD_4004D8E02ACE4C4D9B8B78EA /* Models/ProUnlockManager.swift in Sources */,
				BLD_2F8CDC20922B4277AB4D105D /* Models/ShadowTheme.swift in Sources */,
				BLD_AAF098877DD64BFEBB2AE934 /* Models/TimerPreset.swift in Sources */,
				BLD_59084959D54040809F60FC53 /* Models/TimerSession.swift in Sources */,
				BLD_9293D46DB5894597A4AD0405 /* Services/AnalyticsService.swift in Sources */,
				BLD_B613D6AAA4124DF18A53C101 /* Services/HapticService.swift in Sources */,
				BLD_0DA60F0E1781461E8EBA55F0 /* Services/LiveActivityManager.swift in Sources */,
				BLD_BB8B5989300E46A1904B0E30 /* Services/ShadowRenderer.swift in Sources */,
				BLD_129F7BB98CDA4790811189D5 /* Services/StoreKitManager.swift in Sources */,
				BLD_1E12F730BCC74D63AD6C012B /* Services/TimerEngine.swift in Sources */,
				BLD_E4E8D7F79E90495BBA52BAA7 /* Services/WidgetDataProvider.swift in Sources */,
				BLD_5C3D96B96E094896927BF07C /* Views/ActiveTimerView.swift in Sources */,
				BLD_150A0AF3DD754CE08C1453C8 /* Views/CompletionView.swift in Sources */,
				BLD_445A7946A3B44FCD9505FA1C /* Views/PresetPickerView.swift in Sources */,
				BLD_0A7109AB551941C787401B8E /* Views/ProUpgradeView.swift in Sources */,
				BLD_43D3E76335A440B484F28781 /* Views/SettingsView.swift in Sources */,
				BLD_0F31924716B04B98AFCE0F0A /* Views/StatsView.swift in Sources */,
				BLD_C5F1849005FA4F3690CC5CD4 /* Views/ThemePickerView.swift in Sources */,
				BLD_41A184E6F4074212BB720301 /* Views/TimerSetupView.swift in Sources */,
				BLD_5B6A958EE90F4E889246FDFD /* Widgets/TimerWidget.swift in Sources */,
				BLD_70130E0856A94F679CE8A6F9 /* Widgets/WidgetBundle.swift in Sources */,
			);
			runOnlyForDeploymentPostprocessing = 0;
		};
/* End PBXSourcesBuildPhase section */

/* Begin PBXFrameworksBuildPhase section */
		FW_PHASE_D9DA5B226E5045559A98113E = {
			isa = PBXFrameworksBuildPhase;
			buildActionMask = 2147483647;
			files = (
			);
			runOnlyForDeploymentPostprocessing = 0;
		};
/* End PBXFrameworksBuildPhase section */

/* Begin XCBuildConfiguration section */
		DEBUG_CFG_739A54A45CA24C4087A315D5 = {
			isa = XCBuildConfiguration;
			buildSettings = {
				ASSETCATALOG_COMPILER_APPICON_NAME = "AppIcon";
				ASSETCATALOG_COMPILER_GLOBAL_ACCENT_COLOR_NAME = "";
				CODE_SIGN_STYLE = Automatic;
				CURRENT_PROJECT_VERSION = 1;
				ENABLE_PREVIEWS = YES;
				GENERATE_INFOPLIST_FILE = YES;
				INFOPLIST_FILE = "Resources/Info.plist";
				INFOPLIST_KEY_CFBundleDisplayName = "TimeShadow";
				INFOPLIST_KEY_UIApplicationSceneManifest_Generation = YES;
				INFOPLIST_KEY_UIApplicationSupportsIndirectInputEvents = YES;
				INFOPLIST_KEY_UILaunchScreen_Generation = YES;
				INFOPLIST_KEY_UISupportedInterfaceOrientations = "UIInterfaceOrientationPortrait UIInterfaceOrientationLandscapeLeft UIInterfaceOrientationLandscapeRight";
				INFOPLIST_KEY_UIStatusBarStyle = "";
				IPHONEOS_DEPLOYMENT_TARGET = 17.0;
				LD_RUNPATH_SEARCH_PATHS = ( "$(inherited)", "@executable_path/Frameworks" );
				MARKETING_VERSION = 1.0;
				PRODUCT_BUNDLE_IDENTIFIER = "com.steveafrost.TimeShadow";
				PRODUCT_NAME = "$(TARGET_NAME)";
				SWIFT_EMIT_LOC_STRINGS = YES;
				SWIFT_VERSION = 5.0;
				TARGETED_DEVICE_FAMILY = "1,2";
			};
			name = Debug;
		};
		RELEASE_CFG_24BCC3EBBB37483A89281E0D = {
			isa = XCBuildConfiguration;
			buildSettings = {
				ASSETCATALOG_COMPILER_APPICON_NAME = "AppIcon";
				ASSETCATALOG_COMPILER_GLOBAL_ACCENT_COLOR_NAME = "";
				CODE_SIGN_STYLE = Automatic;
				CURRENT_PROJECT_VERSION = 1;
				ENABLE_PREVIEWS = YES;
				GENERATE_INFOPLIST_FILE = YES;
				INFOPLIST_FILE = "Resources/Info.plist";
				INFOPLIST_KEY_CFBundleDisplayName = "TimeShadow";
				INFOPLIST_KEY_UIApplicationSceneManifest_Generation = YES;
				INFOPLIST_KEY_UIApplicationSupportsIndirectInputEvents = YES;
				INFOPLIST_KEY_UILaunchScreen_Generation = YES;
				INFOPLIST_KEY_UISupportedInterfaceOrientations = "UIInterfaceOrientationPortrait UIInterfaceOrientationLandscapeLeft UIInterfaceOrientationLandscapeRight";
				INFOPLIST_KEY_UIStatusBarStyle = "";
				IPHONEOS_DEPLOYMENT_TARGET = 17.0;
				LD_RUNPATH_SEARCH_PATHS = ( "$(inherited)", "@executable_path/Frameworks" );
				MARKETING_VERSION = 1.0;
				PRODUCT_BUNDLE_IDENTIFIER = "com.steveafrost.TimeShadow";
				PRODUCT_NAME = "$(TARGET_NAME)";
				SWIFT_EMIT_LOC_STRINGS = YES;
				SWIFT_VERSION = 5.0;
				TARGETED_DEVICE_FAMILY = "1,2";
			};
			name = Release;
		};
/* End XCBuildConfiguration section */

/* Begin XCConfigurationList section */
		PROJ_CFGL_DC48213F21D742F593813DA9 = {
			isa = XCConfigurationList;
			buildConfigurations = (
				DEBUG_CFG_739A54A45CA24C4087A315D5,
				RELEASE_CFG_24BCC3EBBB37483A89281E0D,
			);
			defaultConfigurationIsVisible = 0;
			defaultConfigurationName = Release;
		};
		TGT_CFGL_CDE24B8334014E88B14F3D8B = {
			isa = XCConfigurationList;
			buildConfigurations = (
				DEBUG_CFG_739A54A45CA24C4087A315D5,
				RELEASE_CFG_24BCC3EBBB37483A89281E0D,
			);
			defaultConfigurationIsVisible = 0;
			defaultConfigurationName = Release;
		};
/* End XCConfigurationList section */
	};
	rootObject = PROJECT_335CC233FA4342E29226DB42 /* Project object */;
}