// !$*UTF8*$!
{
	archiveVersion = 1;
	classes = {
	};
	objectVersion = 77;
	objects = {

/* Begin PBXBuildFile section */
		01F73B85841049317A55C0B2 /* NotificationService.swift in Sources */ = {isa = PBXBuildFile; fileRef = 29D3FBCF29018AC5CB0484B0 /* NotificationService.swift */; };
		11B908935B7BDEF134D6266F /* ContentView.swift in Sources */ = {isa = PBXBuildFile; fileRef = 48DE524A91E11D67EEDCE313 /* ContentView.swift */; };
		1376A5BC91D83A98FB3EF668 /* TimeShadowApp.swift in Sources */ = {isa = PBXBuildFile; fileRef = 4A887D511D68C2BE307089DF /* TimeShadowApp.swift */; };
		232F1DD03E7C7D68EE137D63 /* TimeShadowWidgets.appex in Embed Foundation Extensions */ = {isa = PBXBuildFile; fileRef = 5A1174C2A5FB042FCA0E0C37 /* TimeShadowWidgets.appex */; settings = {ATTRIBUTES = (RemoveHeadersOnCopy, ); }; };
		23C5A1068DD274290EB655A6 /* TimerPreset.swift in Sources */ = {isa = PBXBuildFile; fileRef = A476123055AF6DD4F8376DAC /* TimerPreset.swift */; };
		32CB9FA951DC3AB001547030 /* PresetPickerView.swift in Sources */ = {isa = PBXBuildFile; fileRef = 50079CBB72DCFDB6143AF467 /* PresetPickerView.swift */; };
		34720FA1771585BDFD9B0480 /* LiveActivityManager.swift in Sources */ = {isa = PBXBuildFile; fileRef = 44606EC4A801C1E0D963AC1F /* LiveActivityManager.swift */; };
		4163A34BE5CA417453E552F5 /* TimerEngine.swift in Sources */ = {isa = PBXBuildFile; fileRef = 8D1F9FED9A8C9D95FC239C52 /* TimerEngine.swift */; };
		418AC548CE58D0001C9D2445 /* WidgetDataProvider.swift in Sources */ = {isa = PBXBuildFile; fileRef = D8BF13E1BBFA701BBC66D462 /* WidgetDataProvider.swift */; };
		44E28BE543CECAA639ECEB05 /* ProUnlockManager.swift in Sources */ = {isa = PBXBuildFile; fileRef = 766E630333FA2477A30DE8D2 /* ProUnlockManager.swift */; };
		46FC492CABFE939D52155CE3 /* ThemePickerView.swift in Sources */ = {isa = PBXBuildFile; fileRef = 06AEBEDCE08E52EAC809E174 /* ThemePickerView.swift */; };
		4818F2E2E096A12ABE4342A2 /* ProUpgradeView.swift in Sources */ = {isa = PBXBuildFile; fileRef = FCEF971FA2521BC0DB4E800C /* ProUpgradeView.swift */; };
		4BAC26EB691B32776EEA6EED /* StartTimerIntent.swift in Sources */ = {isa = PBXBuildFile; fileRef = A4C8B9D2C00C584824FE3FB1 /* StartTimerIntent.swift */; };
		57388E8976FB79E104EBCF9C /* ShadowTheme.swift in Sources */ = {isa = PBXBuildFile; fileRef = 2BFD5DC12B54A31DCE507078 /* ShadowTheme.swift */; };
		5791F51CE9F69D69835677EB /* ShadowRenderer.swift in Sources */ = {isa = PBXBuildFile; fileRef = 00BC1CE1BF6396AB4821F4E0 /* ShadowRenderer.swift */; };
		60BC59C2A6368A5AEAA202E5 /* ShadowTheme.swift in Sources */ = {isa = PBXBuildFile; fileRef = 2BFD5DC12B54A31DCE507078 /* ShadowTheme.swift */; };
		68EFEE109E823C0A652887D9 /* ActiveTimerView.swift in Sources */ = {isa = PBXBuildFile; fileRef = 4FF86F43D3BDDCAD6ECA3520 /* ActiveTimerView.swift */; };
		7121B91925E6938E6A640D64 /* StartTimerIntent.swift in Sources */ = {isa = PBXBuildFile; fileRef = A4C8B9D2C00C584824FE3FB1 /* StartTimerIntent.swift */; };
		78FD1A2941DFB2CA853402F7 /* StoreKitManager.swift in Sources */ = {isa = PBXBuildFile; fileRef = 3031ABFE0A9ECCF170249DB7 /* StoreKitManager.swift */; };
		7D2D86749A3C367F4A8B6264 /* CompletionView.swift in Sources */ = {isa = PBXBuildFile; fileRef = 273D87AC8228CD43FB707FD3 /* CompletionView.swift */; };
		815E797293236C9F365DF331 /* AppSettings.swift in Sources */ = {isa = PBXBuildFile; fileRef = 0CEBF421C5CCA9BEC1FC054E /* AppSettings.swift */; };
		8D16597ECA0423805764ECB4 /* TimerWidget.swift in Sources */ = {isa = PBXBuildFile; fileRef = B4380754DA34218BF9CA6B16 /* TimerWidget.swift */; };
		91C4C5E2F6B263CC48CBF92F /* TimerSetupView.swift in Sources */ = {isa = PBXBuildFile; fileRef = B7391999CADC6FB41C1F48A3 /* TimerSetupView.swift */; };
		A7D0338AB255FB1251CB4522 /* TimerWidgetAttributes.swift in Sources */ = {isa = PBXBuildFile; fileRef = C648CEAB9C4FC855CBCB0E7B /* TimerWidgetAttributes.swift */; };
		BD8CC6869C3D4DC27D6F35B3 /* SettingsView.swift in Sources */ = {isa = PBXBuildFile; fileRef = 257CBCA863417B32FFFABE3A /* SettingsView.swift */; };
		BF11CEFEB2AC5304133B7D7F /* WidgetBundle.swift in Sources */ = {isa = PBXBuildFile; fileRef = B2B1E5BA2E5142CD37138857 /* WidgetBundle.swift */; };
		D8CA12C1E7D1D2BD82DCE634 /* TimerWidgetAttributes.swift in Sources */ = {isa = PBXBuildFile; fileRef = C648CEAB9C4FC855CBCB0E7B /* TimerWidgetAttributes.swift */; };
		DEF126B7C786058B5332FDA6 /* AnalyticsService.swift in Sources */ = {isa = PBXBuildFile; fileRef = 63F3CD20CC7B0492036F4C20 /* AnalyticsService.swift */; };
		E16168D124784E640ED5BB04 /* TimerSession.swift in Sources */ = {isa = PBXBuildFile; fileRef = 576A4A01E0534EF21316D049 /* TimerSession.swift */; };
		E57ED12D0ACA5BF0C454200B /* HapticService.swift in Sources */ = {isa = PBXBuildFile; fileRef = 98176B7CCF29154FF2CF286C /* HapticService.swift */; };
		E73CCDA53A6EFE0CF22B1924 /* AppShortcuts.swift in Sources */ = {isa = PBXBuildFile; fileRef = 7C9E37ACFF0ADD089FC8FD6E /* AppShortcuts.swift */; };
		F2078DB346EA45D908B0282C /* WidgetDataProvider.swift in Sources */ = {isa = PBXBuildFile; fileRef = D8BF13E1BBFA701BBC66D462 /* WidgetDataProvider.swift */; };
		F5321FE6A4E1CBF5604E77A0 /* StatsView.swift in Sources */ = {isa = PBXBuildFile; fileRef = 2833E0020F7692F522E7E75A /* StatsView.swift */; };
/* End PBXBuildFile section */

/* Begin PBXContainerItemProxy section */
		B0415133F25CA8043E74B726 /* PBXContainerItemProxy */ = {
			isa = PBXContainerItemProxy;
			containerPortal = 59D3B60D91F584CE03F6C1E7 /* Project object */;
			proxyType = 1;
			remoteGlobalIDString = FA6D6E7778996806A4C749C3;
			remoteInfo = TimeShadowWidgets;
		};
/* End PBXContainerItemProxy section */

/* Begin PBXCopyFilesBuildPhase section */
		F8AC5F39D48D18384B87E711 /* Embed Foundation Extensions */ = {
			isa = PBXCopyFilesBuildPhase;
			buildActionMask = 2147483647;
			dstPath = "";
			dstSubfolderSpec = 13;
			files = (
				232F1DD03E7C7D68EE137D63 /* TimeShadowWidgets.appex in Embed Foundation Extensions */,
			);
			name = "Embed Foundation Extensions";
			runOnlyForDeploymentPostprocessing = 0;
		};
/* End PBXCopyFilesBuildPhase section */

/* Begin PBXFileReference section */
		00BC1CE1BF6396AB4821F4E0 /* ShadowRenderer.swift */ = {isa = PBXFileReference; lastKnownFileType = sourcecode.swift; path = ShadowRenderer.swift; sourceTree = "<group>"; };
		06AEBEDCE08E52EAC809E174 /* ThemePickerView.swift */ = {isa = PBXFileReference; lastKnownFileType = sourcecode.swift; path = ThemePickerView.swift; sourceTree = "<group>"; };
		0CEBF421C5CCA9BEC1FC054E /* AppSettings.swift */ = {isa = PBXFileReference; lastKnownFileType = sourcecode.swift; path = AppSettings.swift; sourceTree = "<group>"; };
		257CBCA863417B32FFFABE3A /* SettingsView.swift */ = {isa = PBXFileReference; lastKnownFileType = sourcecode.swift; path = SettingsView.swift; sourceTree = "<group>"; };
		273D87AC8228CD43FB707FD3 /* CompletionView.swift */ = {isa = PBXFileReference; lastKnownFileType = sourcecode.swift; path = CompletionView.swift; sourceTree = "<group>"; };
		2833E0020F7692F522E7E75A /* StatsView.swift */ = {isa = PBXFileReference; lastKnownFileType = sourcecode.swift; path = StatsView.swift; sourceTree = "<group>"; };
		29D3FBCF29018AC5CB0484B0 /* NotificationService.swift */ = {isa = PBXFileReference; lastKnownFileType = sourcecode.swift; path = NotificationService.swift; sourceTree = "<group>"; };
		2BFD5DC12B54A31DCE507078 /* ShadowTheme.swift */ = {isa = PBXFileReference; lastKnownFileType = sourcecode.swift; path = ShadowTheme.swift; sourceTree = "<group>"; };
		3031ABFE0A9ECCF170249DB7 /* StoreKitManager.swift */ = {isa = PBXFileReference; lastKnownFileType = sourcecode.swift; path = StoreKitManager.swift; sourceTree = "<group>"; };
		3A556F0DB9F6C1CB3F84384C /* TimeShadowWidgets.entitlements */ = {isa = PBXFileReference; lastKnownFileType = text.plist.entitlements; path = TimeShadowWidgets.entitlements; sourceTree = "<group>"; };
		44606EC4A801C1E0D963AC1F /* LiveActivityManager.swift */ = {isa = PBXFileReference; lastKnownFileType = sourcecode.swift; path = LiveActivityManager.swift; sourceTree = "<group>"; };
		48DE524A91E11D67EEDCE313 /* ContentView.swift */ = {isa = PBXFileReference; lastKnownFileType = sourcecode.swift; path = ContentView.swift; sourceTree = "<group>"; };
		4A887D511D68C2BE307089DF /* TimeShadowApp.swift */ = {isa = PBXFileReference; lastKnownFileType = sourcecode.swift; path = TimeShadowApp.swift; sourceTree = "<group>"; };
		4FF86F43D3BDDCAD6ECA3520 /* ActiveTimerView.swift */ = {isa = PBXFileReference; lastKnownFileType = sourcecode.swift; path = ActiveTimerView.swift; sourceTree = "<group>"; };
		50079CBB72DCFDB6143AF467 /* PresetPickerView.swift */ = {isa = PBXFileReference; lastKnownFileType = sourcecode.swift; path = PresetPickerView.swift; sourceTree = "<group>"; };
		576A4A01E0534EF21316D049 /* TimerSession.swift */ = {isa = PBXFileReference; lastKnownFileType = sourcecode.swift; path = TimerSession.swift; sourceTree = "<group>"; };
		5A1174C2A5FB042FCA0E0C37 /* TimeShadowWidgets.appex */ = {isa = PBXFileReference; includeInIndex = 0; lastKnownFileType = "wrapper.app-extension"; path = TimeShadowWidgets.appex; sourceTree = BUILT_PRODUCTS_DIR; };
		63F3CD20CC7B0492036F4C20 /* AnalyticsService.swift */ = {isa = PBXFileReference; lastKnownFileType = sourcecode.swift; path = AnalyticsService.swift; sourceTree = "<group>"; };
		6F4ADEEB2B5FE4F32F86A1D5 /* Info.plist */ = {isa = PBXFileReference; lastKnownFileType = text.plist; path = Info.plist; sourceTree = "<group>"; };
		766E630333FA2477A30DE8D2 /* ProUnlockManager.swift */ = {isa = PBXFileReference; lastKnownFileType = sourcecode.swift; path = ProUnlockManager.swift; sourceTree = "<group>"; };
		76900FE8D198A58EA9071695 /* TimeShadow.app */ = {isa = PBXFileReference; includeInIndex = 0; lastKnownFileType = wrapper.application; path = TimeShadow.app; sourceTree = BUILT_PRODUCTS_DIR; };
		7C9E37ACFF0ADD089FC8FD6E /* AppShortcuts.swift */ = {isa = PBXFileReference; lastKnownFileType = sourcecode.swift; path = AppShortcuts.swift; sourceTree = "<group>"; };
		8D1F9FED9A8C9D95FC239C52 /* TimerEngine.swift */ = {isa = PBXFileReference; lastKnownFileType = sourcecode.swift; path = TimerEngine.swift; sourceTree = "<group>"; };
		98176B7CCF29154FF2CF286C /* HapticService.swift */ = {isa = PBXFileReference; lastKnownFileType = sourcecode.swift; path = HapticService.swift; sourceTree = "<group>"; };
		A476123055AF6DD4F8376DAC /* TimerPreset.swift */ = {isa = PBXFileReference; lastKnownFileType = sourcecode.swift; path = TimerPreset.swift; sourceTree = "<group>"; };
		A4C8B9D2C00C584824FE3FB1 /* StartTimerIntent.swift */ = {isa = PBXFileReference; lastKnownFileType = sourcecode.swift; path = StartTimerIntent.swift; sourceTree = "<group>"; };
		B2B1E5BA2E5142CD37138857 /* WidgetBundle.swift */ = {isa = PBXFileReference; lastKnownFileType = sourcecode.swift; path = WidgetBundle.swift; sourceTree = "<group>"; };
		B4380754DA34218BF9CA6B16 /* TimerWidget.swift */ = {isa = PBXFileReference; lastKnownFileType = sourcecode.swift; path = TimerWidget.swift; sourceTree = "<group>"; };
		B7391999CADC6FB41C1F48A3 /* TimerSetupView.swift */ = {isa = PBXFileReference; lastKnownFileType = sourcecode.swift; path = TimerSetupView.swift; sourceTree = "<group>"; };
		C648CEAB9C4FC855CBCB0E7B /* TimerWidgetAttributes.swift */ = {isa = PBXFileReference; lastKnownFileType = sourcecode.swift; path = TimerWidgetAttributes.swift; sourceTree = "<group>"; };
		D8BF13E1BBFA701BBC66D462 /* WidgetDataProvider.swift */ = {isa = PBXFileReference; lastKnownFileType = sourcecode.swift; path = WidgetDataProvider.swift; sourceTree = "<group>"; };
		FCEF971FA2521BC0DB4E800C /* ProUpgradeView.swift */ = {isa = PBXFileReference; lastKnownFileType = sourcecode.swift; path = ProUpgradeView.swift; sourceTree = "<group>"; };
/* End PBXFileReference section */

/* Begin PBXGroup section */
		0C6B4B526030177D21D1640E /* Models */ = {
			isa = PBXGroup;
			children = (
				766E630333FA2477A30DE8D2 /* ProUnlockManager.swift */,
				2BFD5DC12B54A31DCE507078 /* ShadowTheme.swift */,
				A476123055AF6DD4F8376DAC /* TimerPreset.swift */,
				576A4A01E0534EF21316D049 /* TimerSession.swift */,
				C648CEAB9C4FC855CBCB0E7B /* TimerWidgetAttributes.swift */,
			);
			path = Models;
			sourceTree = "<group>";
		};
		13712EA51B3FA5E953C820A9 = {
			isa = PBXGroup;
			children = (
				1F1D249CDEA393EEE7B3D8C5 /* App */,
				FD9EB871889BC1E5047A70E6 /* Intents */,
				0C6B4B526030177D21D1640E /* Models */,
				1FD2A1E52B12BC114597CF12 /* Services */,
				F73D671AE27F41B1C0DE05B7 /* Views */,
				70B77A7786A0F5DB044F0219 /* Widgets */,
				952099FFCA0DA0929196C2E3 /* Products */,
			);
			sourceTree = "<group>";
		};
		1F1D249CDEA393EEE7B3D8C5 /* App */ = {
			isa = PBXGroup;
			children = (
				48DE524A91E11D67EEDCE313 /* ContentView.swift */,
				4A887D511D68C2BE307089DF /* TimeShadowApp.swift */,
			);
			path = App;
			sourceTree = "<group>";
		};
		1FD2A1E52B12BC114597CF12 /* Services */ = {
			isa = PBXGroup;
			children = (
				63F3CD20CC7B0492036F4C20 /* AnalyticsService.swift */,
				0CEBF421C5CCA9BEC1FC054E /* AppSettings.swift */,
				98176B7CCF29154FF2CF286C /* HapticService.swift */,
				44606EC4A801C1E0D963AC1F /* LiveActivityManager.swift */,
				29D3FBCF29018AC5CB0484B0 /* NotificationService.swift */,
				00BC1CE1BF6396AB4821F4E0 /* ShadowRenderer.swift */,
				3031ABFE0A9ECCF170249DB7 /* StoreKitManager.swift */,
				8D1F9FED9A8C9D95FC239C52 /* TimerEngine.swift */,
				D8BF13E1BBFA701BBC66D462 /* WidgetDataProvider.swift */,
			);
			path = Services;
			sourceTree = "<group>";
		};
		70B77A7786A0F5DB044F0219 /* Widgets */ = {
			isa = PBXGroup;
			children = (
				6F4ADEEB2B5FE4F32F86A1D5 /* Info.plist */,
				B4380754DA34218BF9CA6B16 /* TimerWidget.swift */,
				3A556F0DB9F6C1CB3F84384C /* TimeShadowWidgets.entitlements */,
				B2B1E5BA2E5142CD37138857 /* WidgetBundle.swift */,
			);
			path = Widgets;
			sourceTree = "<group>";
		};
		952099FFCA0DA0929196C2E3 /* Products */ = {
			isa = PBXGroup;
			children = (
				76900FE8D198A58EA9071695 /* TimeShadow.app */,
				5A1174C2A5FB042FCA0E0C37 /* TimeShadowWidgets.appex */,
			);
			name = Products;
			sourceTree = "<group>";
		};
		F73D671AE27F41B1C0DE05B7 /* Views */ = {
			isa = PBXGroup;
			children = (
				4FF86F43D3BDDCAD6ECA3520 /* ActiveTimerView.swift */,
				273D87AC8228CD43FB707FD3 /* CompletionView.swift */,
				50079CBB72DCFDB6143AF467 /* PresetPickerView.swift */,
				FCEF971FA2521BC0DB4E800C /* ProUpgradeView.swift */,
				257CBCA863417B32FFFABE3A /* SettingsView.swift */,
				2833E0020F7692F522E7E75A /* StatsView.swift */,
				06AEBEDCE08E52EAC809E174 /* ThemePickerView.swift */,
				B7391999CADC6FB41C1F48A3 /* TimerSetupView.swift */,
			);
			path = Views;
			sourceTree = "<group>";
		};
		FD9EB871889BC1E5047A70E6 /* Intents */ = {
			isa = PBXGroup;
			children = (
				7C9E37ACFF0ADD089FC8FD6E /* AppShortcuts.swift */,
				A4C8B9D2C00C584824FE3FB1 /* StartTimerIntent.swift */,
			);
			path = Intents;
			sourceTree = "<group>";
		};
/* End PBXGroup section */

/* Begin PBXNativeTarget section */
		050A7B964EED940B5BDD8FDB /* TimeShadow */ = {
			isa = PBXNativeTarget;
			buildConfigurationList = B26D5439035E2401DE9B750F /* Build configuration list for PBXNativeTarget "TimeShadow" */;
			buildPhases = (
				731B0106B97C19D55DABF2DB /* Sources */,
				F8AC5F39D48D18384B87E711 /* Embed Foundation Extensions */,
			);
			buildRules = (
			);
			dependencies = (
				AE1564B3A28801EEEEFF1867 /* PBXTargetDependency */,
			);
			name = TimeShadow;
			packageProductDependencies = (
			);
			productName = TimeShadow;
			productReference = 76900FE8D198A58EA9071695 /* TimeShadow.app */;
			productType = "com.apple.product-type.application";
		};
		FA6D6E7778996806A4C749C3 /* TimeShadowWidgets */ = {
			isa = PBXNativeTarget;
			buildConfigurationList = 7CF7B48F95E67C66445D3D5E /* Build configuration list for PBXNativeTarget "TimeShadowWidgets" */;
			buildPhases = (
				BD0ADFB8A5520B9D93ACA785 /* Sources */,
			);
			buildRules = (
			);
			dependencies = (
			);
			name = TimeShadowWidgets;
			packageProductDependencies = (
			);
			productName = TimeShadowWidgets;
			productReference = 5A1174C2A5FB042FCA0E0C37 /* TimeShadowWidgets.appex */;
			productType = "com.apple.product-type.app-extension";
		};
/* End PBXNativeTarget section */

/* Begin PBXProject section */
		59D3B60D91F584CE03F6C1E7 /* Project object */ = {
			isa = PBXProject;
			attributes = {
				BuildIndependentTargetsInParallel = YES;
				LastUpgradeCheck = 1430;
				TargetAttributes = {
					050A7B964EED940B5BDD8FDB = {
						DevelopmentTeam = "";
						ProvisioningStyle = Automatic;
					};
					FA6D6E7778996806A4C749C3 = {
						DevelopmentTeam = "";
						ProvisioningStyle = Automatic;
					};
				};
			};
			buildConfigurationList = 7132A2FF064B651E46FD2F84 /* Build configuration list for PBXProject "TimeShadow" */;
			developmentRegion = en;
			hasScannedForEncodings = 0;
			knownRegions = (
				Base,
				en,
			);
			mainGroup = 13712EA51B3FA5E953C820A9;
			minimizedProjectReferenceProxies = 1;
			preferredProjectObjectVersion = 77;
			productRefGroup = 952099FFCA0DA0929196C2E3 /* Products */;
			projectDirPath = "";
			projectRoot = "";
			targets = (
				050A7B964EED940B5BDD8FDB /* TimeShadow */,
				FA6D6E7778996806A4C749C3 /* TimeShadowWidgets */,
			);
		};
/* End PBXProject section */

/* Begin PBXSourcesBuildPhase section */
		731B0106B97C19D55DABF2DB /* Sources */ = {
			isa = PBXSourcesBuildPhase;
			buildActionMask = 2147483647;
			files = (
				68EFEE109E823C0A652887D9 /* ActiveTimerView.swift in Sources */,
				DEF126B7C786058B5332FDA6 /* AnalyticsService.swift in Sources */,
				815E797293236C9F365DF331 /* AppSettings.swift in Sources */,
				E73CCDA53A6EFE0CF22B1924 /* AppShortcuts.swift in Sources */,
				7D2D86749A3C367F4A8B6264 /* CompletionView.swift in Sources */,
				11B908935B7BDEF134D6266F /* ContentView.swift in Sources */,
				E57ED12D0ACA5BF0C454200B /* HapticService.swift in Sources */,
				34720FA1771585BDFD9B0480 /* LiveActivityManager.swift in Sources */,
				01F73B85841049317A55C0B2 /* NotificationService.swift in Sources */,
				32CB9FA951DC3AB001547030 /* PresetPickerView.swift in Sources */,
				44E28BE543CECAA639ECEB05 /* ProUnlockManager.swift in Sources */,
				4818F2E2E096A12ABE4342A2 /* ProUpgradeView.swift in Sources */,
				BD8CC6869C3D4DC27D6F35B3 /* SettingsView.swift in Sources */,
				5791F51CE9F69D69835677EB /* ShadowRenderer.swift in Sources */,
				57388E8976FB79E104EBCF9C /* ShadowTheme.swift in Sources */,
				7121B91925E6938E6A640D64 /* StartTimerIntent.swift in Sources */,
				F5321FE6A4E1CBF5604E77A0 /* StatsView.swift in Sources */,
				78FD1A2941DFB2CA853402F7 /* StoreKitManager.swift in Sources */,
				46FC492CABFE939D52155CE3 /* ThemePickerView.swift in Sources */,
				1376A5BC91D83A98FB3EF668 /* TimeShadowApp.swift in Sources */,
				4163A34BE5CA417453E552F5 /* TimerEngine.swift in Sources */,
				23C5A1068DD274290EB655A6 /* TimerPreset.swift in Sources */,
				E16168D124784E640ED5BB04 /* TimerSession.swift in Sources */,
				91C4C5E2F6B263CC48CBF92F /* TimerSetupView.swift in Sources */,
				D8CA12C1E7D1D2BD82DCE634 /* TimerWidgetAttributes.swift in Sources */,
				F2078DB346EA45D908B0282C /* WidgetDataProvider.swift in Sources */,
			);
			runOnlyForDeploymentPostprocessing = 0;
		};
		BD0ADFB8A5520B9D93ACA785 /* Sources */ = {
			isa = PBXSourcesBuildPhase;
			buildActionMask = 2147483647;
			files = (
				60BC59C2A6368A5AEAA202E5 /* ShadowTheme.swift in Sources */,
				4BAC26EB691B32776EEA6EED /* StartTimerIntent.swift in Sources */,
				8D16597ECA0423805764ECB4 /* TimerWidget.swift in Sources */,
				A7D0338AB255FB1251CB4522 /* TimerWidgetAttributes.swift in Sources */,
				BF11CEFEB2AC5304133B7D7F /* WidgetBundle.swift in Sources */,
				418AC548CE58D0001C9D2445 /* WidgetDataProvider.swift in Sources */,
			);
			runOnlyForDeploymentPostprocessing = 0;
		};
/* End PBXSourcesBuildPhase section */

/* Begin PBXTargetDependency section */
		AE1564B3A28801EEEEFF1867 /* PBXTargetDependency */ = {
			isa = PBXTargetDependency;
			target = FA6D6E7778996806A4C749C3 /* TimeShadowWidgets */;
			targetProxy = B0415133F25CA8043E74B726 /* PBXContainerItemProxy */;
		};
/* End PBXTargetDependency section */

/* Begin XCBuildConfiguration section */
		0BEF96EE6FE291200E512852 /* Release */ = {
			isa = XCBuildConfiguration;
			buildSettings = {
				APPLICATION_EXTENSION_API_ONLY = YES;
				CODE_SIGN_ENTITLEMENTS = Widgets/TimeShadowWidgets.entitlements;
				ENABLE_USER_SCRIPT_SANDBOXING = YES;
				INFOPLIST_FILE = Widgets/Info.plist;
				IPHONEOS_DEPLOYMENT_TARGET = 17.0;
				LD_RUNPATH_SEARCH_PATHS = (
					"$(inherited)",
					"@executable_path/Frameworks",
					"@executable_path/../../Frameworks",
				);
				PRODUCT_BUNDLE_IDENTIFIER = com.steveafrost.TimeShadow.Widgets;
				PRODUCT_NAME = TimeShadowWidgets;
				SDKROOT = iphoneos;
				SKIP_INSTALL = YES;
				TARGETED_DEVICE_FAMILY = "1,2";
			};
			name = Release;
		};
		44B912664D5A06A1F5AD1AB0 /* Release */ = {
			isa = XCBuildConfiguration;
			buildSettings = {
				ALWAYS_SEARCH_USER_PATHS = NO;
				CLANG_ANALYZER_NONNULL = YES;
				CLANG_ANALYZER_NUMBER_OBJECT_CONVERSION = YES_AGGRESSIVE;
				CLANG_CXX_LANGUAGE_STANDARD = "gnu++14";
				CLANG_CXX_LIBRARY = "libc++";
				CLANG_ENABLE_MODULES = YES;
				CLANG_ENABLE_OBJC_ARC = YES;
				CLANG_ENABLE_OBJC_WEAK = YES;
				CLANG_WARN_BLOCK_CAPTURE_AUTORELEASING = YES;
				CLANG_WARN_BOOL_CONVERSION = YES;
				CLANG_WARN_COMMA = YES;
				CLANG_WARN_CONSTANT_CONVERSION = YES;
				CLANG_WARN_DEPRECATED_OBJC_IMPLEMENTATIONS = YES;
				CLANG_WARN_DIRECT_OBJC_ISA_USAGE = YES_ERROR;
				CLANG_WARN_DOCUMENTATION_COMMENTS = YES;
				CLANG_WARN_EMPTY_BODY = YES;
				CLANG_WARN_ENUM_CONVERSION = YES;
				CLANG_WARN_INFINITE_RECURSION = YES;
				CLANG_WARN_INT_CONVERSION = YES;
				CLANG_WARN_NON_LITERAL_NULL_CONVERSION = YES;
				CLANG_WARN_OBJC_IMPLICIT_RETAIN_SELF = YES;
				CLANG_WARN_OBJC_LITERAL_CONVERSION = YES;
				CLANG_WARN_OBJC_ROOT_CLASS = YES_ERROR;
				CLANG_WARN_QUOTED_INCLUDE_IN_FRAMEWORK_HEADER = YES;
				CLANG_WARN_RANGE_LOOP_ANALYSIS = YES;
				CLANG_WARN_STRICT_PROTOTYPES = YES;
				CLANG_WARN_SUSPICIOUS_MOVE = YES;
				CLANG_WARN_UNGUARDED_AVAILABILITY = YES_AGGRESSIVE;
				CLANG_WARN_UNREACHABLE_CODE = YES;
				CLANG_WARN__DUPLICATE_METHOD_MATCH = YES;
				CODE_SIGN_STYLE = Automatic;
				COPY_PHASE_STRIP = NO;
				CURRENT_PROJECT_VERSION = 1;
				DEBUG_INFORMATION_FORMAT = "dwarf-with-dsym";
				DEVELOPMENT_TEAM = "";
				ENABLE_NS_ASSERTIONS = NO;
				ENABLE_STRICT_OBJC_MSGSEND = YES;
				GCC_C_LANGUAGE_STANDARD = gnu11;
				GCC_NO_COMMON_BLOCKS = YES;
				GCC_WARN_64_TO_32_BIT_CONVERSION = YES;
				GCC_WARN_ABOUT_RETURN_TYPE = YES_ERROR;
				GCC_WARN_UNDECLARED_SELECTOR = YES;
				GCC_WARN_UNINITIALIZED_AUTOS = YES_AGGRESSIVE;
				GCC_WARN_UNUSED_FUNCTION = YES;
				GCC_WARN_UNUSED_VARIABLE = YES;
				IPHONEOS_DEPLOYMENT_TARGET = 17.0;
				MARKETING_VERSION = 1.0.0;
				MTL_ENABLE_DEBUG_INFO = NO;
				MTL_FAST_MATH = YES;
				ONLY_ACTIVE_ARCH = NO;
				PRODUCT_NAME = "$(TARGET_NAME)";
				SDKROOT = iphoneos;
				SUPPORTS_MACCATALYST = NO;
				SUPPORTS_MAC_DESIGNED_FOR_IPHONE_IPAD = NO;
				SWIFT_COMPILATION_MODE = wholemodule;
				SWIFT_OPTIMIZATION_LEVEL = "-O";
				SWIFT_VERSION = 5.9;
				TARGETED_DEVICE_FAMILY = "1,2";
			};
			name = Release;
		};
		8E01E258EC608D9B9D25C7A2 /* Debug */ = {
			isa = XCBuildConfiguration;
			buildSettings = {
				ASSETCATALOG_COMPILER_APPICON_NAME = AppIcon;
				CODE_SIGN_ENTITLEMENTS = Resources/TimeShadow.entitlements;
				CODE_SIGN_IDENTITY = "iPhone Developer";
				ENABLE_USER_SCRIPT_SANDBOXING = YES;
				INFOPLIST_FILE = Resources/Info.plist;
				IPHONEOS_DEPLOYMENT_TARGET = 17.0;
				LD_RUNPATH_SEARCH_PATHS = (
					"$(inherited)",
					"@executable_path/Frameworks",
				);
				OTHER_SWIFT_FLAGS = "$(inherited) -D MAIN_APP";
				PRODUCT_BUNDLE_IDENTIFIER = com.steveafrost.TimeShadow;
				PRODUCT_NAME = TimeShadow;
				SDKROOT = iphoneos;
				TARGETED_DEVICE_FAMILY = "1,2";
			};
			name = Debug;
		};
		E3F892FF946F2FF004F5A0E2 /* Debug */ = {
			isa = XCBuildConfiguration;
			buildSettings = {
				ALWAYS_SEARCH_USER_PATHS = NO;
				CLANG_ANALYZER_NONNULL = YES;
				CLANG_ANALYZER_NUMBER_OBJECT_CONVERSION = YES_AGGRESSIVE;
				CLANG_CXX_LANGUAGE_STANDARD = "gnu++14";
				CLANG_CXX_LIBRARY = "libc++";
				CLANG_ENABLE_MODULES = YES;
				CLANG_ENABLE_OBJC_ARC = YES;
				CLANG_ENABLE_OBJC_WEAK = YES;
				CLANG_WARN_BLOCK_CAPTURE_AUTORELEASING = YES;
				CLANG_WARN_BOOL_CONVERSION = YES;
				CLANG_WARN_COMMA = YES;
				CLANG_WARN_CONSTANT_CONVERSION = YES;
				CLANG_WARN_DEPRECATED_OBJC_IMPLEMENTATIONS = YES;
				CLANG_WARN_DIRECT_OBJC_ISA_USAGE = YES_ERROR;
				CLANG_WARN_DOCUMENTATION_COMMENTS = YES;
				CLANG_WARN_EMPTY_BODY = YES;
				CLANG_WARN_ENUM_CONVERSION = YES;
				CLANG_WARN_INFINITE_RECURSION = YES;
				CLANG_WARN_INT_CONVERSION = YES;
				CLANG_WARN_NON_LITERAL_NULL_CONVERSION = YES;
				CLANG_WARN_OBJC_IMPLICIT_RETAIN_SELF = YES;
				CLANG_WARN_OBJC_LITERAL_CONVERSION = YES;
				CLANG_WARN_OBJC_ROOT_CLASS = YES_ERROR;
				CLANG_WARN_QUOTED_INCLUDE_IN_FRAMEWORK_HEADER = YES;
				CLANG_WARN_RANGE_LOOP_ANALYSIS = YES;
				CLANG_WARN_STRICT_PROTOTYPES = YES;
				CLANG_WARN_SUSPICIOUS_MOVE = YES;
				CLANG_WARN_UNGUARDED_AVAILABILITY = YES_AGGRESSIVE;
				CLANG_WARN_UNREACHABLE_CODE = YES;
				CLANG_WARN__DUPLICATE_METHOD_MATCH = YES;
				CODE_SIGN_STYLE = Automatic;
				COPY_PHASE_STRIP = NO;
				CURRENT_PROJECT_VERSION = 1;
				DEBUG_INFORMATION_FORMAT = dwarf;
				DEVELOPMENT_TEAM = "";
				ENABLE_STRICT_OBJC_MSGSEND = YES;
				ENABLE_TESTABILITY = YES;
				GCC_C_LANGUAGE_STANDARD = gnu11;
				GCC_DYNAMIC_NO_PIC = NO;
				GCC_NO_COMMON_BLOCKS = YES;
				GCC_OPTIMIZATION_LEVEL = 0;
				GCC_PREPROCESSOR_DEFINITIONS = (
					"$(inherited)",
					"DEBUG=1",
				);
				GCC_WARN_64_TO_32_BIT_CONVERSION = YES;
				GCC_WARN_ABOUT_RETURN_TYPE = YES_ERROR;
				GCC_WARN_UNDECLARED_SELECTOR = YES;
				GCC_WARN_UNINITIALIZED_AUTOS = YES_AGGRESSIVE;
				GCC_WARN_UNUSED_FUNCTION = YES;
				GCC_WARN_UNUSED_VARIABLE = YES;
				IPHONEOS_DEPLOYMENT_TARGET = 17.0;
				MARKETING_VERSION = 1.0.0;
				MTL_ENABLE_DEBUG_INFO = INCLUDE_SOURCE;
				MTL_FAST_MATH = YES;
				ONLY_ACTIVE_ARCH = NO;
				PRODUCT_NAME = "$(TARGET_NAME)";
				SDKROOT = iphoneos;
				SUPPORTS_MACCATALYST = NO;
				SUPPORTS_MAC_DESIGNED_FOR_IPHONE_IPAD = NO;
				SWIFT_ACTIVE_COMPILATION_CONDITIONS = DEBUG;
				SWIFT_OPTIMIZATION_LEVEL = "-Onone";
				SWIFT_VERSION = 5.9;
				TARGETED_DEVICE_FAMILY = "1,2";
			};
			name = Debug;
		};
		EC0446CAAB53196F58AAE782 /* Release */ = {
			isa = XCBuildConfiguration;
			buildSettings = {
				ASSETCATALOG_COMPILER_APPICON_NAME = AppIcon;
				CODE_SIGN_ENTITLEMENTS = Resources/TimeShadow.entitlements;
				CODE_SIGN_IDENTITY = "iPhone Developer";
				ENABLE_USER_SCRIPT_SANDBOXING = YES;
				INFOPLIST_FILE = Resources/Info.plist;
				IPHONEOS_DEPLOYMENT_TARGET = 17.0;
				LD_RUNPATH_SEARCH_PATHS = (
					"$(inherited)",
					"@executable_path/Frameworks",
				);
				OTHER_SWIFT_FLAGS = "$(inherited) -D MAIN_APP";
				PRODUCT_BUNDLE_IDENTIFIER = com.steveafrost.TimeShadow;
				PRODUCT_NAME = TimeShadow;
				SDKROOT = iphoneos;
				TARGETED_DEVICE_FAMILY = "1,2";
			};
			name = Release;
		};
		F59403E3390D5B149A591038 /* Debug */ = {
			isa = XCBuildConfiguration;
			buildSettings = {
				APPLICATION_EXTENSION_API_ONLY = YES;
				CODE_SIGN_ENTITLEMENTS = Widgets/TimeShadowWidgets.entitlements;
				ENABLE_USER_SCRIPT_SANDBOXING = YES;
				INFOPLIST_FILE = Widgets/Info.plist;
				IPHONEOS_DEPLOYMENT_TARGET = 17.0;
				LD_RUNPATH_SEARCH_PATHS = (
					"$(inherited)",
					"@executable_path/Frameworks",
					"@executable_path/../../Frameworks",
				);
				PRODUCT_BUNDLE_IDENTIFIER = com.steveafrost.TimeShadow.Widgets;
				PRODUCT_NAME = TimeShadowWidgets;
				SDKROOT = iphoneos;
				SKIP_INSTALL = YES;
				TARGETED_DEVICE_FAMILY = "1,2";
			};
			name = Debug;
		};
/* End XCBuildConfiguration section */

/* Begin XCConfigurationList section */
		7132A2FF064B651E46FD2F84 /* Build configuration list for PBXProject "TimeShadow" */ = {
			isa = XCConfigurationList;
			buildConfigurations = (
				E3F892FF946F2FF004F5A0E2 /* Debug */,
				44B912664D5A06A1F5AD1AB0 /* Release */,
			);
			defaultConfigurationIsVisible = 0;
			defaultConfigurationName = Debug;
		};
		7CF7B48F95E67C66445D3D5E /* Build configuration list for PBXNativeTarget "TimeShadowWidgets" */ = {
			isa = XCConfigurationList;
			buildConfigurations = (
				F59403E3390D5B149A591038 /* Debug */,
				0BEF96EE6FE291200E512852 /* Release */,
			);
			defaultConfigurationIsVisible = 0;
			defaultConfigurationName = Debug;
		};
		B26D5439035E2401DE9B750F /* Build configuration list for PBXNativeTarget "TimeShadow" */ = {
			isa = XCConfigurationList;
			buildConfigurations = (
				8E01E258EC608D9B9D25C7A2 /* Debug */,
				EC0446CAAB53196F58AAE782 /* Release */,
			);
			defaultConfigurationIsVisible = 0;
			defaultConfigurationName = Debug;
		};
/* End XCConfigurationList section */
	};
	rootObject = 59D3B60D91F584CE03F6C1E7 /* Project object */;
}
